
Microsoft Visual Studio Solution File, Format Version 12.00
# Visual Studio 15
VisualStudioVersion = 15.0.27428.2037
MinimumVisualStudioVersion = 10.0.40219.1
Project("{FAE04EC0-301F-11D3-BF4B-00C04F79EFBC}") = "Apollo11", "Apollo11\Apollo11.csproj", "{832260BF-EA0B-4225-BFB0-D15892CE938A}"
EndProject
Global
	GlobalSection(SolutionConfigurationPlatforms) = preSolution
		Debug|Any CPU = Debug|Any CPU
		Release|Any CPU = Release|Any CPU
	EndGlobalSection
	GlobalSection(ProjectConfigurationPlatforms) = postSolution
		{832260BF-EA0B-4225-BFB0-D15892CE938A}.Debug|Any CPU.ActiveCfg = Debug|Any CPU
		{832260BF-EA0B-4225-BFB0-D15892CE938A}.Debug|Any CPU.Build.0 = Debug|Any CPU
		{832260BF-EA0B-4225-BFB0-D15892CE938A}.Release|Any CPU.ActiveCfg = Release|Any CPU
		{832260BF-EA0B-4225-BFB0-D15892CE938A}.Release|Any CPU.Build.0 = Release|Any CPU
	EndGlobalSection
	GlobalSection(SolutionProperties) = preSolution
		HideSolutionNode = FALSE
	EndGlobalSection
	GlobalSection(ExtensibilityGlobals) = postSolution
		SolutionGuid = {A2A6B3C5-16FE-4D80-814E-6F35AFEAC9C2}
	EndGlobalSection
EndGlobal
