
Microsoft Visual Studio Solution File, Format Version 12.00
# Visual Studio 15
VisualStudioVersion = 15.0.27130.2036
MinimumVisualStudioVersion = 10.0.40219.1
Project("{FAE04EC0-301F-11D3-BF4B-00C04F79EFBC}") = "Week9Serialization", "Week9Serialization\Week9Serialization.csproj", "{0164D04A-91EE-429D-92AF-302B34D50679}"
EndProject
Project("{FAE04EC0-301F-11D3-BF4B-00C04F79EFBC}") = "Week9SerializationTests", "Week9SerializationTests\Week9SerializationTests.csproj", "{9EE76B7A-0D2B-4BA7-B14A-9237D6AECFF9}"
EndProject
Global
	GlobalSection(SolutionConfigurationPlatforms) = preSolution
		Debug|Any CPU = Debug|Any CPU
		Release|Any CPU = Release|Any CPU
	EndGlobalSection
	GlobalSection(ProjectConfigurationPlatforms) = postSolution
		{0164D04A-91EE-429D-92AF-302B34D50679}.Debug|Any CPU.ActiveCfg = Debug|Any CPU
		{0164D04A-91EE-429D-92AF-302B34D50679}.Debug|Any CPU.Build.0 = Debug|Any CPU
		{0164D04A-91EE-429D-92AF-302B34D50679}.Release|Any CPU.ActiveCfg = Release|Any CPU
		{0164D04A-91EE-429D-92AF-302B34D50679}.Release|Any CPU.Build.0 = Release|Any CPU
		{9EE76B7A-0D2B-4BA7-B14A-9237D6AECFF9}.Debug|Any CPU.ActiveCfg = Debug|Any CPU
		{9EE76B7A-0D2B-4BA7-B14A-9237D6AECFF9}.Debug|Any CPU.Build.0 = Debug|Any CPU
		{9EE76B7A-0D2B-4BA7-B14A-9237D6AECFF9}.Release|Any CPU.ActiveCfg = Release|Any CPU
		{9EE76B7A-0D2B-4BA7-B14A-9237D6AECFF9}.Release|Any CPU.Build.0 = Release|Any CPU
	EndGlobalSection
	GlobalSection(SolutionProperties) = preSolution
		HideSolutionNode = FALSE
	EndGlobalSection
	GlobalSection(ExtensibilityGlobals) = postSolution
		SolutionGuid = {4EFFA0FA-FF0F-4CC7-B2FE-1B71C6FCDCCB}
	EndGlobalSection
EndGlobal
