
Microsoft Visual Studio Solution File, Format Version 12.00
# Visual Studio 15
VisualStudioVersion = 15.0.27130.2003
MinimumVisualStudioVersion = 10.0.40219.1
Project("{FAE04EC0-301F-11D3-BF4B-00C04F79EFBC}") = "Week9CodingExercise", "Week9CodingExercise\Week9CodingExercise.csproj", "{43CA498A-3C34-4C78-A632-C38DFFEE803A}"
EndProject
Project("{FAE04EC0-301F-11D3-BF4B-00C04F79EFBC}") = "Week9CodingExerciseTests", "Week9CodingExerciseTests\Week9CodingExerciseTests.csproj", "{1654D0E7-FF81-4146-967B-E7FD900A8A09}"
EndProject
Global
	GlobalSection(SolutionConfigurationPlatforms) = preSolution
		Debug|Any CPU = Debug|Any CPU
		Release|Any CPU = Release|Any CPU
	EndGlobalSection
	GlobalSection(ProjectConfigurationPlatforms) = postSolution
		{43CA498A-3C34-4C78-A632-C38DFFEE803A}.Debug|Any CPU.ActiveCfg = Debug|Any CPU
		{43CA498A-3C34-4C78-A632-C38DFFEE803A}.Debug|Any CPU.Build.0 = Debug|Any CPU
		{43CA498A-3C34-4C78-A632-C38DFFEE803A}.Release|Any CPU.ActiveCfg = Release|Any CPU
		{43CA498A-3C34-4C78-A632-C38DFFEE803A}.Release|Any CPU.Build.0 = Release|Any CPU
		{1654D0E7-FF81-4146-967B-E7FD900A8A09}.Debug|Any CPU.ActiveCfg = Debug|Any CPU
		{1654D0E7-FF81-4146-967B-E7FD900A8A09}.Debug|Any CPU.Build.0 = Debug|Any CPU
		{1654D0E7-FF81-4146-967B-E7FD900A8A09}.Release|Any CPU.ActiveCfg = Release|Any CPU
		{1654D0E7-FF81-4146-967B-E7FD900A8A09}.Release|Any CPU.Build.0 = Release|Any CPU
	EndGlobalSection
	GlobalSection(SolutionProperties) = preSolution
		HideSolutionNode = FALSE
	EndGlobalSection
	GlobalSection(ExtensibilityGlobals) = postSolution
		SolutionGuid = {E6FBC48D-E200-4A90-932C-CC273E38A3CB}
	EndGlobalSection
EndGlobal
