
Microsoft Visual Studio Solution File, Format Version 12.00
# Visual Studio 15
VisualStudioVersion = 15.0.27130.2027
MinimumVisualStudioVersion = 10.0.40219.1
Project("{FAE04EC0-301F-11D3-BF4B-00C04F79EFBC}") = "Week7Threading", "Week7Threading\Week7Threading.csproj", "{4A9D8292-6D84-481D-A6EC-96EAE7FECA98}"
EndProject
Project("{FAE04EC0-301F-11D3-BF4B-00C04F79EFBC}") = "Week7ThreadingTests", "Week7ThreadingTests\Week7ThreadingTests.csproj", "{F5E8B6C8-3211-4933-ADAE-6B883B368C7F}"
EndProject
Global
	GlobalSection(SolutionConfigurationPlatforms) = preSolution
		Debug|Any CPU = Debug|Any CPU
		Release|Any CPU = Release|Any CPU
	EndGlobalSection
	GlobalSection(ProjectConfigurationPlatforms) = postSolution
		{4A9D8292-6D84-481D-A6EC-96EAE7FECA98}.Debug|Any CPU.ActiveCfg = Debug|Any CPU
		{4A9D8292-6D84-481D-A6EC-96EAE7FECA98}.Debug|Any CPU.Build.0 = Debug|Any CPU
		{4A9D8292-6D84-481D-A6EC-96EAE7FECA98}.Release|Any CPU.ActiveCfg = Release|Any CPU
		{4A9D8292-6D84-481D-A6EC-96EAE7FECA98}.Release|Any CPU.Build.0 = Release|Any CPU
		{F5E8B6C8-3211-4933-ADAE-6B883B368C7F}.Debug|Any CPU.ActiveCfg = Debug|Any CPU
		{F5E8B6C8-3211-4933-ADAE-6B883B368C7F}.Debug|Any CPU.Build.0 = Debug|Any CPU
		{F5E8B6C8-3211-4933-ADAE-6B883B368C7F}.Release|Any CPU.ActiveCfg = Release|Any CPU
		{F5E8B6C8-3211-4933-ADAE-6B883B368C7F}.Release|Any CPU.Build.0 = Release|Any CPU
	EndGlobalSection
	GlobalSection(SolutionProperties) = preSolution
		HideSolutionNode = FALSE
	EndGlobalSection
	GlobalSection(ExtensibilityGlobals) = postSolution
		SolutionGuid = {B682E55F-49DC-4EF3-8C88-33379B9C3A47}
	EndGlobalSection
EndGlobal
