
Microsoft Visual Studio Solution File, Format Version 12.00
# Visual Studio 15
VisualStudioVersion = 15.0.27130.2036
MinimumVisualStudioVersion = 10.0.40219.1
Project("{FAE04EC0-301F-11D3-BF4B-00C04F79EFBC}") = "Week7ThreadingExercise", "Week7ThreadingExercise\Week7ThreadingExercise.csproj", "{AE61BFE1-AF80-4653-8990-6F97B1AAD725}"
EndProject
Project("{FAE04EC0-301F-11D3-BF4B-00C04F79EFBC}") = "Week7ThreadingExerciseTests", "Week7ThreadingExerciseTests\Week7ThreadingExerciseTests.csproj", "{FA8B32B0-0B11-48EC-8C25-9C7909AD57CF}"
EndProject
Global
	GlobalSection(SolutionConfigurationPlatforms) = preSolution
		Debug|Any CPU = Debug|Any CPU
		Release|Any CPU = Release|Any CPU
	EndGlobalSection
	GlobalSection(ProjectConfigurationPlatforms) = postSolution
		{AE61BFE1-AF80-4653-8990-6F97B1AAD725}.Debug|Any CPU.ActiveCfg = Debug|Any CPU
		{AE61BFE1-AF80-4653-8990-6F97B1AAD725}.Debug|Any CPU.Build.0 = Debug|Any CPU
		{AE61BFE1-AF80-4653-8990-6F97B1AAD725}.Release|Any CPU.ActiveCfg = Release|Any CPU
		{AE61BFE1-AF80-4653-8990-6F97B1AAD725}.Release|Any CPU.Build.0 = Release|Any CPU
		{FA8B32B0-0B11-48EC-8C25-9C7909AD57CF}.Debug|Any CPU.ActiveCfg = Debug|Any CPU
		{FA8B32B0-0B11-48EC-8C25-9C7909AD57CF}.Debug|Any CPU.Build.0 = Debug|Any CPU
		{FA8B32B0-0B11-48EC-8C25-9C7909AD57CF}.Release|Any CPU.ActiveCfg = Release|Any CPU
		{FA8B32B0-0B11-48EC-8C25-9C7909AD57CF}.Release|Any CPU.Build.0 = Release|Any CPU
	EndGlobalSection
	GlobalSection(SolutionProperties) = preSolution
		HideSolutionNode = FALSE
	EndGlobalSection
	GlobalSection(ExtensibilityGlobals) = postSolution
		SolutionGuid = {F4269792-AB86-46C6-ACE4-42C6CC968195}
	EndGlobalSection
EndGlobal
