
Microsoft Visual Studio Solution File, Format Version 12.00
# Visual Studio 15
VisualStudioVersion = 15.0.27130.2024
MinimumVisualStudioVersion = 10.0.40219.1
Project("{FAE04EC0-301F-11D3-BF4B-00C04F79EFBC}") = "Week6", "WeekSix\Week6.csproj", "{417C868E-21BA-44C9-8683-F1998EB2D7EC}"
EndProject
Project("{FAE04EC0-301F-11D3-BF4B-00C04F79EFBC}") = "Week6Tests", "WeekSixTests\Week6Tests.csproj", "{3CFCAED0-2F4C-4E59-8140-7D2D49A0C6B0}"
EndProject
Global
	GlobalSection(SolutionConfigurationPlatforms) = preSolution
		Debug|Any CPU = Debug|Any CPU
		Release|Any CPU = Release|Any CPU
	EndGlobalSection
	GlobalSection(ProjectConfigurationPlatforms) = postSolution
		{417C868E-21BA-44C9-8683-F1998EB2D7EC}.Debug|Any CPU.ActiveCfg = Debug|Any CPU
		{417C868E-21BA-44C9-8683-F1998EB2D7EC}.Debug|Any CPU.Build.0 = Debug|Any CPU
		{417C868E-21BA-44C9-8683-F1998EB2D7EC}.Release|Any CPU.ActiveCfg = Release|Any CPU
		{417C868E-21BA-44C9-8683-F1998EB2D7EC}.Release|Any CPU.Build.0 = Release|Any CPU
		{3CFCAED0-2F4C-4E59-8140-7D2D49A0C6B0}.Debug|Any CPU.ActiveCfg = Debug|Any CPU
		{3CFCAED0-2F4C-4E59-8140-7D2D49A0C6B0}.Debug|Any CPU.Build.0 = Debug|Any CPU
		{3CFCAED0-2F4C-4E59-8140-7D2D49A0C6B0}.Release|Any CPU.ActiveCfg = Release|Any CPU
		{3CFCAED0-2F4C-4E59-8140-7D2D49A0C6B0}.Release|Any CPU.Build.0 = Release|Any CPU
	EndGlobalSection
	GlobalSection(SolutionProperties) = preSolution
		HideSolutionNode = FALSE
	EndGlobalSection
	GlobalSection(ExtensibilityGlobals) = postSolution
		SolutionGuid = {F5EDCE56-5AFF-4602-8602-ABDC3243367C}
	EndGlobalSection
EndGlobal
