
Microsoft Visual Studio Solution File, Format Version 12.00
# Visual Studio 15
VisualStudioVersion = 15.0.27130.2024
MinimumVisualStudioVersion = 10.0.40219.1
Project("{FAE04EC0-301F-11D3-BF4B-00C04F79EFBC}") = "Week7Threading", "Week7Threading\Week7Threading.csproj", "{7E076736-2D3D-43C9-8E6B-0EBF3B4C268E}"
EndProject
Project("{FAE04EC0-301F-11D3-BF4B-00C04F79EFBC}") = "Week7ThreadingTests", "Week7ThreadingTests\Week7ThreadingTests.csproj", "{69BD9052-D7AD-4990-BFE3-E4CD4029517A}"
EndProject
Global
	GlobalSection(SolutionConfigurationPlatforms) = preSolution
		Debug|Any CPU = Debug|Any CPU
		Release|Any CPU = Release|Any CPU
	EndGlobalSection
	GlobalSection(ProjectConfigurationPlatforms) = postSolution
		{7E076736-2D3D-43C9-8E6B-0EBF3B4C268E}.Debug|Any CPU.ActiveCfg = Debug|Any CPU
		{7E076736-2D3D-43C9-8E6B-0EBF3B4C268E}.Debug|Any CPU.Build.0 = Debug|Any CPU
		{7E076736-2D3D-43C9-8E6B-0EBF3B4C268E}.Release|Any CPU.ActiveCfg = Release|Any CPU
		{7E076736-2D3D-43C9-8E6B-0EBF3B4C268E}.Release|Any CPU.Build.0 = Release|Any CPU
		{69BD9052-D7AD-4990-BFE3-E4CD4029517A}.Debug|Any CPU.ActiveCfg = Debug|Any CPU
		{69BD9052-D7AD-4990-BFE3-E4CD4029517A}.Debug|Any CPU.Build.0 = Debug|Any CPU
		{69BD9052-D7AD-4990-BFE3-E4CD4029517A}.Release|Any CPU.ActiveCfg = Release|Any CPU
		{69BD9052-D7AD-4990-BFE3-E4CD4029517A}.Release|Any CPU.Build.0 = Release|Any CPU
	EndGlobalSection
	GlobalSection(SolutionProperties) = preSolution
		HideSolutionNode = FALSE
	EndGlobalSection
	GlobalSection(ExtensibilityGlobals) = postSolution
		SolutionGuid = {D942384C-7F76-47B0-B0E4-3E1C62B901B4}
	EndGlobalSection
EndGlobal
