
Microsoft Visual Studio Solution File, Format Version 12.00
# Visual Studio 15
VisualStudioVersion = 15.0.27428.2002
MinimumVisualStudioVersion = 10.0.40219.1
Project("{FAE04EC0-301F-11D3-BF4B-00C04F79EFBC}") = "Week10Networking", "Week10Networking\Week10Networking.csproj", "{647C41D2-1459-4BB6-B400-D073D4A65CB8}"
EndProject
Global
	GlobalSection(SolutionConfigurationPlatforms) = preSolution
		Debug|Any CPU = Debug|Any CPU
		Release|Any CPU = Release|Any CPU
	EndGlobalSection
	GlobalSection(ProjectConfigurationPlatforms) = postSolution
		{647C41D2-1459-4BB6-B400-D073D4A65CB8}.Debug|Any CPU.ActiveCfg = Debug|Any CPU
		{647C41D2-1459-4BB6-B400-D073D4A65CB8}.Debug|Any CPU.Build.0 = Debug|Any CPU
		{647C41D2-1459-4BB6-B400-D073D4A65CB8}.Release|Any CPU.ActiveCfg = Release|Any CPU
		{647C41D2-1459-4BB6-B400-D073D4A65CB8}.Release|Any CPU.Build.0 = Release|Any CPU
	EndGlobalSection
	GlobalSection(SolutionProperties) = preSolution
		HideSolutionNode = FALSE
	EndGlobalSection
	GlobalSection(ExtensibilityGlobals) = postSolution
		SolutionGuid = {61D06754-774A-44CF-9B04-24B49ECB05BC}
	EndGlobalSection
EndGlobal
