
Microsoft Visual Studio Solution File, Format Version 12.00
# Visual Studio 15
VisualStudioVersion = 15.0.27130.2036
MinimumVisualStudioVersion = 10.0.40219.1
Project("{FAE04EC0-301F-11D3-BF4B-00C04F79EFBC}") = "NetworkingExercise", "Networking Exercise\NetworkingExercise.csproj", "{2BBA42A6-BE00-4A1D-8BDF-4DE1A9184D52}"
EndProject
Project("{FAE04EC0-301F-11D3-BF4B-00C04F79EFBC}") = "NetworkingExerciseTests", "NetworkingExerciseTests\NetworkingExerciseTests.csproj", "{F617DCF3-0296-4592-8B6A-E1F847A0B27B}"
EndProject
Global
	GlobalSection(SolutionConfigurationPlatforms) = preSolution
		Debug|Any CPU = Debug|Any CPU
		Release|Any CPU = Release|Any CPU
	EndGlobalSection
	GlobalSection(ProjectConfigurationPlatforms) = postSolution
		{2BBA42A6-BE00-4A1D-8BDF-4DE1A9184D52}.Debug|Any CPU.ActiveCfg = Debug|Any CPU
		{2BBA42A6-BE00-4A1D-8BDF-4DE1A9184D52}.Debug|Any CPU.Build.0 = Debug|Any CPU
		{2BBA42A6-BE00-4A1D-8BDF-4DE1A9184D52}.Release|Any CPU.ActiveCfg = Release|Any CPU
		{2BBA42A6-BE00-4A1D-8BDF-4DE1A9184D52}.Release|Any CPU.Build.0 = Release|Any CPU
		{F617DCF3-0296-4592-8B6A-E1F847A0B27B}.Debug|Any CPU.ActiveCfg = Debug|Any CPU
		{F617DCF3-0296-4592-8B6A-E1F847A0B27B}.Debug|Any CPU.Build.0 = Debug|Any CPU
		{F617DCF3-0296-4592-8B6A-E1F847A0B27B}.Release|Any CPU.ActiveCfg = Release|Any CPU
		{F617DCF3-0296-4592-8B6A-E1F847A0B27B}.Release|Any CPU.Build.0 = Release|Any CPU
	EndGlobalSection
	GlobalSection(SolutionProperties) = preSolution
		HideSolutionNode = FALSE
	EndGlobalSection
	GlobalSection(ExtensibilityGlobals) = postSolution
		SolutionGuid = {3D780503-54CB-454B-8ADF-AA751B1AF690}
	EndGlobalSection
EndGlobal
