
Microsoft Visual Studio Solution File, Format Version 12.00
# Visual Studio 15
VisualStudioVersion = 15.0.27130.2024
MinimumVisualStudioVersion = 10.0.40219.1
Project("{FAE04EC0-301F-11D3-BF4B-00C04F79EFBC}") = "Week12Reflection", "Week12Reflection\Week12Reflection.csproj", "{3112462C-A060-4127-B99B-D7793B17F4C1}"
EndProject
Project("{FAE04EC0-301F-11D3-BF4B-00C04F79EFBC}") = "Week12ReflectionTests", "Week12ReflectionTests\Week12ReflectionTests.csproj", "{A181A783-5FE9-41EB-8875-B9109936172F}"
EndProject
Global
	GlobalSection(SolutionConfigurationPlatforms) = preSolution
		Debug|Any CPU = Debug|Any CPU
		Release|Any CPU = Release|Any CPU
	EndGlobalSection
	GlobalSection(ProjectConfigurationPlatforms) = postSolution
		{3112462C-A060-4127-B99B-D7793B17F4C1}.Debug|Any CPU.ActiveCfg = Debug|Any CPU
		{3112462C-A060-4127-B99B-D7793B17F4C1}.Debug|Any CPU.Build.0 = Debug|Any CPU
		{3112462C-A060-4127-B99B-D7793B17F4C1}.Release|Any CPU.ActiveCfg = Release|Any CPU
		{3112462C-A060-4127-B99B-D7793B17F4C1}.Release|Any CPU.Build.0 = Release|Any CPU
		{A181A783-5FE9-41EB-8875-B9109936172F}.Debug|Any CPU.ActiveCfg = Debug|Any CPU
		{A181A783-5FE9-41EB-8875-B9109936172F}.Debug|Any CPU.Build.0 = Debug|Any CPU
		{A181A783-5FE9-41EB-8875-B9109936172F}.Release|Any CPU.ActiveCfg = Release|Any CPU
		{A181A783-5FE9-41EB-8875-B9109936172F}.Release|Any CPU.Build.0 = Release|Any CPU
	EndGlobalSection
	GlobalSection(SolutionProperties) = preSolution
		HideSolutionNode = FALSE
	EndGlobalSection
	GlobalSection(ExtensibilityGlobals) = postSolution
		SolutionGuid = {1E88A542-8AC8-46D8-82FC-4E504FB5CD08}
	EndGlobalSection
EndGlobal
