
Microsoft Visual Studio Solution File, Format Version 12.00
# Visual Studio 15
VisualStudioVersion = 15.0.27428.2015
MinimumVisualStudioVersion = 10.0.40219.1
Project("{FAE04EC0-301F-11D3-BF4B-00C04F79EFBC}") = "Week12Reflection", "Week12Reflection\Week12Reflection.csproj", "{5949A5CC-5903-4CBF-9302-F2360BF11072}"
EndProject
Project("{FAE04EC0-301F-11D3-BF4B-00C04F79EFBC}") = "Week12ReflectionTests", "Week12ReflectionTests\Week12ReflectionTests.csproj", "{21658EF4-B10D-4437-8597-5F87341EEF5E}"
EndProject
Global
	GlobalSection(SolutionConfigurationPlatforms) = preSolution
		Debug|Any CPU = Debug|Any CPU
		Release|Any CPU = Release|Any CPU
	EndGlobalSection
	GlobalSection(ProjectConfigurationPlatforms) = postSolution
		{5949A5CC-5903-4CBF-9302-F2360BF11072}.Debug|Any CPU.ActiveCfg = Debug|Any CPU
		{5949A5CC-5903-4CBF-9302-F2360BF11072}.Debug|Any CPU.Build.0 = Debug|Any CPU
		{5949A5CC-5903-4CBF-9302-F2360BF11072}.Release|Any CPU.ActiveCfg = Release|Any CPU
		{5949A5CC-5903-4CBF-9302-F2360BF11072}.Release|Any CPU.Build.0 = Release|Any CPU
		{21658EF4-B10D-4437-8597-5F87341EEF5E}.Debug|Any CPU.ActiveCfg = Debug|Any CPU
		{21658EF4-B10D-4437-8597-5F87341EEF5E}.Debug|Any CPU.Build.0 = Debug|Any CPU
		{21658EF4-B10D-4437-8597-5F87341EEF5E}.Release|Any CPU.ActiveCfg = Release|Any CPU
		{21658EF4-B10D-4437-8597-5F87341EEF5E}.Release|Any CPU.Build.0 = Release|Any CPU
	EndGlobalSection
	GlobalSection(SolutionProperties) = preSolution
		HideSolutionNode = FALSE
	EndGlobalSection
	GlobalSection(ExtensibilityGlobals) = postSolution
		SolutionGuid = {16B2766B-7A72-4590-B263-1AE3DCE0788B}
	EndGlobalSection
EndGlobal
