
Microsoft Visual Studio Solution File, Format Version 12.00
# Visual Studio 15
VisualStudioVersion = 15.0.26730.12
MinimumVisualStudioVersion = 10.0.40219.1
Project("{FAE04EC0-301F-11D3-BF4B-00C04F79EFBC}") = "ClassHierarchyAndCollections", "ClassHierarchyAndCollections\ClassHierarchyAndCollections.csproj", "{8A9290B8-0F04-4450-A0B4-75FA346893AE}"
EndProject
Project("{FAE04EC0-301F-11D3-BF4B-00C04F79EFBC}") = "ClassHierarchyTests", "ClassHierarchyTests\ClassHierarchyTests.csproj", "{5CD2E114-3E2C-4941-A986-52672B11ABD0}"
EndProject
Global
	GlobalSection(SolutionConfigurationPlatforms) = preSolution
		Debug|Any CPU = Debug|Any CPU
		Release|Any CPU = Release|Any CPU
	EndGlobalSection
	GlobalSection(ProjectConfigurationPlatforms) = postSolution
		{8A9290B8-0F04-4450-A0B4-75FA346893AE}.Debug|Any CPU.ActiveCfg = Debug|Any CPU
		{8A9290B8-0F04-4450-A0B4-75FA346893AE}.Debug|Any CPU.Build.0 = Debug|Any CPU
		{8A9290B8-0F04-4450-A0B4-75FA346893AE}.Release|Any CPU.ActiveCfg = Release|Any CPU
		{8A9290B8-0F04-4450-A0B4-75FA346893AE}.Release|Any CPU.Build.0 = Release|Any CPU
		{5CD2E114-3E2C-4941-A986-52672B11ABD0}.Debug|Any CPU.ActiveCfg = Debug|Any CPU
		{5CD2E114-3E2C-4941-A986-52672B11ABD0}.Debug|Any CPU.Build.0 = Debug|Any CPU
		{5CD2E114-3E2C-4941-A986-52672B11ABD0}.Release|Any CPU.ActiveCfg = Release|Any CPU
		{5CD2E114-3E2C-4941-A986-52672B11ABD0}.Release|Any CPU.Build.0 = Release|Any CPU
	EndGlobalSection
	GlobalSection(SolutionProperties) = preSolution
		HideSolutionNode = FALSE
	EndGlobalSection
	GlobalSection(ExtensibilityGlobals) = postSolution
		SolutionGuid = {FBB6D35F-FF3B-411D-AB3D-9083E33367EB}
	EndGlobalSection
EndGlobal
