
Microsoft Visual Studio Solution File, Format Version 12.00
# Visual Studio 15
VisualStudioVersion = 15.0.27130.2027
MinimumVisualStudioVersion = 10.0.40219.1
Project("{FAE04EC0-301F-11D3-BF4B-00C04F79EFBC}") = "RegularExpressionAndExceptionHandling", "RegularExpressionAndExceptionHandling\RegularExpressionAndExceptionHandling.csproj", "{96737BB1-BB76-427F-979B-C6C35F6B25F9}"
EndProject
Project("{FAE04EC0-301F-11D3-BF4B-00C04F79EFBC}") = "RegularExpressionAndExceptionHandling.Tests", "RegularExpressionAndExceptionHandling.Tests\RegularExpressionAndExceptionHandling.Tests.csproj", "{401BF725-E858-4C45-BB83-43923084833A}"
EndProject
Global
	GlobalSection(SolutionConfigurationPlatforms) = preSolution
		Debug|Any CPU = Debug|Any CPU
		Release|Any CPU = Release|Any CPU
	EndGlobalSection
	GlobalSection(ProjectConfigurationPlatforms) = postSolution
		{96737BB1-BB76-427F-979B-C6C35F6B25F9}.Debug|Any CPU.ActiveCfg = Debug|Any CPU
		{96737BB1-BB76-427F-979B-C6C35F6B25F9}.Debug|Any CPU.Build.0 = Debug|Any CPU
		{96737BB1-BB76-427F-979B-C6C35F6B25F9}.Release|Any CPU.ActiveCfg = Release|Any CPU
		{96737BB1-BB76-427F-979B-C6C35F6B25F9}.Release|Any CPU.Build.0 = Release|Any CPU
		{401BF725-E858-4C45-BB83-43923084833A}.Debug|Any CPU.ActiveCfg = Debug|Any CPU
		{401BF725-E858-4C45-BB83-43923084833A}.Debug|Any CPU.Build.0 = Debug|Any CPU
		{401BF725-E858-4C45-BB83-43923084833A}.Release|Any CPU.ActiveCfg = Release|Any CPU
		{401BF725-E858-4C45-BB83-43923084833A}.Release|Any CPU.Build.0 = Release|Any CPU
	EndGlobalSection
	GlobalSection(SolutionProperties) = preSolution
		HideSolutionNode = FALSE
	EndGlobalSection
	GlobalSection(ExtensibilityGlobals) = postSolution
		SolutionGuid = {65E54851-BF96-4E2E-8743-B9DCA50D58CF}
	EndGlobalSection
EndGlobal
