
Microsoft Visual Studio Solution File, Format Version 12.00
# Visual Studio 15
VisualStudioVersion = 15.0.27428.2015
MinimumVisualStudioVersion = 10.0.40219.1
Project("{FAE04EC0-301F-11D3-BF4B-00C04F79EFBC}") = "INotDisposable", "INotDisposable\INotDisposable.csproj", "{AF79A980-7370-42D4-9BB7-325E8D7934A5}"
EndProject
Project("{FAE04EC0-301F-11D3-BF4B-00C04F79EFBC}") = "INotDisposableTests", "INotDisposableTests\INotDisposableTests.csproj", "{F1B22560-14F2-4F49-AA5A-29C2B8267EF9}"
EndProject
Global
	GlobalSection(SolutionConfigurationPlatforms) = preSolution
		Debug|Any CPU = Debug|Any CPU
		Release|Any CPU = Release|Any CPU
	EndGlobalSection
	GlobalSection(ProjectConfigurationPlatforms) = postSolution
		{AF79A980-7370-42D4-9BB7-325E8D7934A5}.Debug|Any CPU.ActiveCfg = Debug|Any CPU
		{AF79A980-7370-42D4-9BB7-325E8D7934A5}.Debug|Any CPU.Build.0 = Debug|Any CPU
		{AF79A980-7370-42D4-9BB7-325E8D7934A5}.Release|Any CPU.ActiveCfg = Release|Any CPU
		{AF79A980-7370-42D4-9BB7-325E8D7934A5}.Release|Any CPU.Build.0 = Release|Any CPU
		{F1B22560-14F2-4F49-AA5A-29C2B8267EF9}.Debug|Any CPU.ActiveCfg = Debug|Any CPU
		{F1B22560-14F2-4F49-AA5A-29C2B8267EF9}.Debug|Any CPU.Build.0 = Debug|Any CPU
		{F1B22560-14F2-4F49-AA5A-29C2B8267EF9}.Release|Any CPU.ActiveCfg = Release|Any CPU
		{F1B22560-14F2-4F49-AA5A-29C2B8267EF9}.Release|Any CPU.Build.0 = Release|Any CPU
	EndGlobalSection
	GlobalSection(SolutionProperties) = preSolution
		HideSolutionNode = FALSE
	EndGlobalSection
	GlobalSection(ExtensibilityGlobals) = postSolution
		SolutionGuid = {8183DC23-D8FF-4AE8-AA7F-1E17877A3C9C}
	EndGlobalSection
EndGlobal
