
Microsoft Visual Studio Solution File, Format Version 12.00
# Visual Studio 15
VisualStudioVersion = 15.0.27130.2003
MinimumVisualStudioVersion = 10.0.40219.1
Project("{FAE04EC0-301F-11D3-BF4B-00C04F79EFBC}") = "NotDisposing", "NotDisposing\NotDisposing.csproj", "{65869AB3-2859-4BD7-A660-D14794D911E7}"
EndProject
Project("{FAE04EC0-301F-11D3-BF4B-00C04F79EFBC}") = "NotDisposingTests", "NotDisposingTests\NotDisposingTests.csproj", "{BCD466F6-BFBA-49CB-9FC2-695F1C1FCD3B}"
EndProject
Global
	GlobalSection(SolutionConfigurationPlatforms) = preSolution
		Debug|Any CPU = Debug|Any CPU
		Release|Any CPU = Release|Any CPU
	EndGlobalSection
	GlobalSection(ProjectConfigurationPlatforms) = postSolution
		{65869AB3-2859-4BD7-A660-D14794D911E7}.Debug|Any CPU.ActiveCfg = Debug|Any CPU
		{65869AB3-2859-4BD7-A660-D14794D911E7}.Debug|Any CPU.Build.0 = Debug|Any CPU
		{65869AB3-2859-4BD7-A660-D14794D911E7}.Release|Any CPU.ActiveCfg = Release|Any CPU
		{65869AB3-2859-4BD7-A660-D14794D911E7}.Release|Any CPU.Build.0 = Release|Any CPU
		{BCD466F6-BFBA-49CB-9FC2-695F1C1FCD3B}.Debug|Any CPU.ActiveCfg = Debug|Any CPU
		{BCD466F6-BFBA-49CB-9FC2-695F1C1FCD3B}.Debug|Any CPU.Build.0 = Debug|Any CPU
		{BCD466F6-BFBA-49CB-9FC2-695F1C1FCD3B}.Release|Any CPU.ActiveCfg = Release|Any CPU
		{BCD466F6-BFBA-49CB-9FC2-695F1C1FCD3B}.Release|Any CPU.Build.0 = Release|Any CPU
	EndGlobalSection
	GlobalSection(SolutionProperties) = preSolution
		HideSolutionNode = FALSE
	EndGlobalSection
	GlobalSection(ExtensibilityGlobals) = postSolution
		SolutionGuid = {4F7AEDA0-DFCD-4E3D-B01A-F300FDBFB611}
	EndGlobalSection
EndGlobal
