
Microsoft Visual Studio Solution File, Format Version 12.00
# Visual Studio 15
VisualStudioVersion = 15.0.27428.2015
MinimumVisualStudioVersion = 10.0.40219.1
Project("{9A19103F-16F7-4668-BE54-9A1E7A4F7556}") = "Week13Cryptography", "Week13Cryptography\Week13Cryptography.csproj", "{37B5318F-0661-4F12-9811-44A76E4CA32B}"
EndProject
Project("{FAE04EC0-301F-11D3-BF4B-00C04F79EFBC}") = "Week13CryptographyTests", "SymmetricEncryptionTests\Week13CryptographyTests.csproj", "{E2F92C0C-CD90-4E96-A2F8-22E67A33E558}"
EndProject
Global
	GlobalSection(SolutionConfigurationPlatforms) = preSolution
		Debug|Any CPU = Debug|Any CPU
		Release|Any CPU = Release|Any CPU
	EndGlobalSection
	GlobalSection(ProjectConfigurationPlatforms) = postSolution
		{37B5318F-0661-4F12-9811-44A76E4CA32B}.Debug|Any CPU.ActiveCfg = Debug|Any CPU
		{37B5318F-0661-4F12-9811-44A76E4CA32B}.Debug|Any CPU.Build.0 = Debug|Any CPU
		{37B5318F-0661-4F12-9811-44A76E4CA32B}.Release|Any CPU.ActiveCfg = Release|Any CPU
		{37B5318F-0661-4F12-9811-44A76E4CA32B}.Release|Any CPU.Build.0 = Release|Any CPU
		{E2F92C0C-CD90-4E96-A2F8-22E67A33E558}.Debug|Any CPU.ActiveCfg = Debug|Any CPU
		{E2F92C0C-CD90-4E96-A2F8-22E67A33E558}.Debug|Any CPU.Build.0 = Debug|Any CPU
		{E2F92C0C-CD90-4E96-A2F8-22E67A33E558}.Release|Any CPU.ActiveCfg = Release|Any CPU
		{E2F92C0C-CD90-4E96-A2F8-22E67A33E558}.Release|Any CPU.Build.0 = Release|Any CPU
	EndGlobalSection
	GlobalSection(SolutionProperties) = preSolution
		HideSolutionNode = FALSE
	EndGlobalSection
	GlobalSection(ExtensibilityGlobals) = postSolution
		SolutionGuid = {20D15919-E7B7-448B-9EC2-B3E5400340C8}
	EndGlobalSection
EndGlobal
