
Microsoft Visual Studio Solution File, Format Version 12.00
# Visual Studio 15
VisualStudioVersion = 15.0.27130.2024
MinimumVisualStudioVersion = 10.0.40219.1
Project("{FAE04EC0-301F-11D3-BF4B-00C04F79EFBC}") = "Week13Cryptography", "Week13Cryptography\Week13Cryptography.csproj", "{EA055A0D-BEF0-42B0-B30A-24B03356E1A8}"
EndProject
Global
	GlobalSection(SolutionConfigurationPlatforms) = preSolution
		Debug|Any CPU = Debug|Any CPU
		Release|Any CPU = Release|Any CPU
	EndGlobalSection
	GlobalSection(ProjectConfigurationPlatforms) = postSolution
		{EA055A0D-BEF0-42B0-B30A-24B03356E1A8}.Debug|Any CPU.ActiveCfg = Debug|Any CPU
		{EA055A0D-BEF0-42B0-B30A-24B03356E1A8}.Debug|Any CPU.Build.0 = Debug|Any CPU
		{EA055A0D-BEF0-42B0-B30A-24B03356E1A8}.Release|Any CPU.ActiveCfg = Release|Any CPU
		{EA055A0D-BEF0-42B0-B30A-24B03356E1A8}.Release|Any CPU.Build.0 = Release|Any CPU
	EndGlobalSection
	GlobalSection(SolutionProperties) = preSolution
		HideSolutionNode = FALSE
	EndGlobalSection
	GlobalSection(ExtensibilityGlobals) = postSolution
		SolutionGuid = {F3C4C806-9CA3-4548-B284-E8E34F236775}
	EndGlobalSection
EndGlobal
