
Microsoft Visual Studio Solution File, Format Version 12.00
# Visual Studio 15
VisualStudioVersion = 15.0.27428.2015
MinimumVisualStudioVersion = 10.0.40219.1
Project("{FAE04EC0-301F-11D3-BF4B-00C04F79EFBC}") = "ReflectionExercise", "ReflectionExercise\ReflectionExercise.csproj", "{E8BAF7CB-DB0D-4885-8FD1-75372F51AD5E}"
EndProject
Project("{FAE04EC0-301F-11D3-BF4B-00C04F79EFBC}") = "ReflectionTests", "PikachuTests\ReflectionTests.csproj", "{38AA856F-96BB-4765-930E-BC85EA812206}"
EndProject
Global
	GlobalSection(SolutionConfigurationPlatforms) = preSolution
		Debug|Any CPU = Debug|Any CPU
		Release|Any CPU = Release|Any CPU
	EndGlobalSection
	GlobalSection(ProjectConfigurationPlatforms) = postSolution
		{E8BAF7CB-DB0D-4885-8FD1-75372F51AD5E}.Debug|Any CPU.ActiveCfg = Debug|Any CPU
		{E8BAF7CB-DB0D-4885-8FD1-75372F51AD5E}.Debug|Any CPU.Build.0 = Debug|Any CPU
		{E8BAF7CB-DB0D-4885-8FD1-75372F51AD5E}.Release|Any CPU.ActiveCfg = Release|Any CPU
		{E8BAF7CB-DB0D-4885-8FD1-75372F51AD5E}.Release|Any CPU.Build.0 = Release|Any CPU
		{38AA856F-96BB-4765-930E-BC85EA812206}.Debug|Any CPU.ActiveCfg = Debug|Any CPU
		{38AA856F-96BB-4765-930E-BC85EA812206}.Debug|Any CPU.Build.0 = Debug|Any CPU
		{38AA856F-96BB-4765-930E-BC85EA812206}.Release|Any CPU.ActiveCfg = Release|Any CPU
		{38AA856F-96BB-4765-930E-BC85EA812206}.Release|Any CPU.Build.0 = Release|Any CPU
	EndGlobalSection
	GlobalSection(SolutionProperties) = preSolution
		HideSolutionNode = FALSE
	EndGlobalSection
	GlobalSection(ExtensibilityGlobals) = postSolution
		SolutionGuid = {D47362EA-C7B7-487E-956E-06A5806C4753}
	EndGlobalSection
EndGlobal
